// !$*UTF8*$!
{
	archiveVersion = 1;
	classes = {
	};
	objectVersion = 50;
	objects = {

/* Begin PBXBuildFile section */
		1C9BC1508803A545E259ECA8 /* Pods_LinkXUITests.framework in Frameworks */ = {isa = PBXBuildFile; fileRef = 3DB6C44D9B371464DD60D117 /* Pods_LinkXUITests.framework */; };
		1EB6B182FB27DB618742AE0B /* Pods_LinkXTests.framework in Frameworks */ = {isa = PBXBuildFile; fileRef = 8C0059FF88943F7FEBC7BBD7 /* Pods_LinkXTests.framework */; };
		2A21617B2247271400D0ACDA /* EmailViewController.swift in Sources */ = {isa = PBXBuildFile; fileRef = 2A21617A2247271400D0ACDA /* EmailViewController.swift */; };
		2A21617D22472F3800D0ACDA /* Investor.swift in Sources */ = {isa = PBXBuildFile; fileRef = 2A21617C22472F3800D0ACDA /* Investor.swift */; };
		2A21618022473A2700D0ACDA /* InvestorTableViewCell.swift in Sources */ = {isa = PBXBuildFile; fileRef = 2A21617E22473A2700D0ACDA /* InvestorTableViewCell.swift */; };
		2A21618122473A2700D0ACDA /* InvestorTableViewCell.xib in Resources */ = {isa = PBXBuildFile; fileRef = 2A21617F22473A2700D0ACDA /* InvestorTableViewCell.xib */; };
		2A3C690A22DC1D5F00E24319 /* Stage.swift in Sources */ = {isa = PBXBuildFile; fileRef = 2A3C690922DC1D5F00E24319 /* Stage.swift */; };
		2A49BE5C22BC2D3800C118EA /* Point.swift in Sources */ = {isa = PBXBuildFile; fileRef = 2A49BE5B22BC2D3800C118EA /* Point.swift */; };
		2A49BE5E22BC2E5C00C118EA /* Activity.swift in Sources */ = {isa = PBXBuildFile; fileRef = 2A49BE5D22BC2E5C00C118EA /* Activity.swift */; };
		2A49BE6022BCBDFE00C118EA /* ContributeViewController.swift in Sources */ = {isa = PBXBuildFile; fileRef = 2A49BE5F22BCBDFE00C118EA /* ContributeViewController.swift */; };
		2A49BE6222BCBF3F00C118EA /* UploadViewController.swift in Sources */ = {isa = PBXBuildFile; fileRef = 2A49BE6122BCBF3F00C118EA /* UploadViewController.swift */; };
		2A49BE6522BCD25E00C118EA /* RateTableViewCell.swift in Sources */ = {isa = PBXBuildFile; fileRef = 2A49BE6322BCD25E00C118EA /* RateTableViewCell.swift */; };
		2A49BE6622BCD25E00C118EA /* RateTableViewCell.xib in Resources */ = {isa = PBXBuildFile; fileRef = 2A49BE6422BCD25E00C118EA /* RateTableViewCell.xib */; };
		2A49BE6922BCD27600C118EA /* ReviewTableViewCell.swift in Sources */ = {isa = PBXBuildFile; fileRef = 2A49BE6722BCD27600C118EA /* ReviewTableViewCell.swift */; };
		2A49BE6A22BCD27600C118EA /* ReviewTableViewCell.xib in Resources */ = {isa = PBXBuildFile; fileRef = 2A49BE6822BCD27600C118EA /* ReviewTableViewCell.xib */; };
		2A49BE6C22C2C44900C118EA /* Contribution.swift in Sources */ = {isa = PBXBuildFile; fileRef = 2A49BE6B22C2C44900C118EA /* Contribution.swift */; };
		2A49BE6F22C431FD00C118EA /* ContributionTableViewCell.swift in Sources */ = {isa = PBXBuildFile; fileRef = 2A49BE6D22C431FD00C118EA /* ContributionTableViewCell.swift */; };
		2A49BE7022C431FD00C118EA /* ContributionTableViewCell.xib in Resources */ = {isa = PBXBuildFile; fileRef = 2A49BE6E22C431FD00C118EA /* ContributionTableViewCell.xib */; };
		2A5C9FB6224748EC0072CC2F /* IAPHandler.swift in Sources */ = {isa = PBXBuildFile; fileRef = 2A5C9FB5224748EC0072CC2F /* IAPHandler.swift */; };
		2A763AB222E55DDF00769044 /* UIView+Ext.swift in Sources */ = {isa = PBXBuildFile; fileRef = 2A763AB122E55DDF00769044 /* UIView+Ext.swift */; };
		2A763AB722E55E9800769044 /* Date+Ext.swift in Sources */ = {isa = PBXBuildFile; fileRef = 2A763AB622E55E9800769044 /* Date+Ext.swift */; };
		2A7B9AEB22BAEA4B00B6CEEC /* Rating.swift in Sources */ = {isa = PBXBuildFile; fileRef = 2A7B9AEA22BAEA4B00B6CEEC /* Rating.swift */; };
		2A7B9AED22BAEB6100B6CEEC /* Review.swift in Sources */ = {isa = PBXBuildFile; fileRef = 2A7B9AEC22BAEB6100B6CEEC /* Review.swift */; };
		2A7B9AEF22BAEC1800B6CEEC /* Fund.swift in Sources */ = {isa = PBXBuildFile; fileRef = 2A7B9AEE22BAEC1800B6CEEC /* Fund.swift */; };
		2A7B9AF122BAECE900B6CEEC /* Sector.swift in Sources */ = {isa = PBXBuildFile; fileRef = 2A7B9AF022BAECE900B6CEEC /* Sector.swift */; };
		2A7B9AF322BAF66300B6CEEC /* SignupViewController.swift in Sources */ = {isa = PBXBuildFile; fileRef = 2A7B9AF222BAF66300B6CEEC /* SignupViewController.swift */; };
		2A7B9AF622BAFD3000B6CEEC /* SigninViewController.swift in Sources */ = {isa = PBXBuildFile; fileRef = 2A7B9AF522BAFD3000B6CEEC /* SigninViewController.swift */; };
		2A7B9B0022BAFED000B6CEEC /* Segues.swift in Sources */ = {isa = PBXBuildFile; fileRef = 2A7B9AFF22BAFED000B6CEEC /* Segues.swift */; };
		2AA2408A22C6BE3F000B261F /* eula.html in Resources */ = {isa = PBXBuildFile; fileRef = 2AA2408922C6BE3F000B261F /* eula.html */; };
		2AA2408C22C6BEDD000B261F /* privacy-policy.html in Resources */ = {isa = PBXBuildFile; fileRef = 2AA2408B22C6BEDD000B261F /* privacy-policy.html */; };
		2AA2408E22C6C8CF000B261F /* InviteViewController.swift in Sources */ = {isa = PBXBuildFile; fileRef = 2AA2408D22C6C8CF000B261F /* InviteViewController.swift */; };
		2AB3947722CADE9300373F18 /* ActivityTableViewCell.xib in Resources */ = {isa = PBXBuildFile; fileRef = 2AB3947522CADE9300373F18 /* ActivityTableViewCell.xib */; };
		2AB3947922CAE18800373F18 /* LXConstants.swift in Sources */ = {isa = PBXBuildFile; fileRef = 2AB3947822CAE18800373F18 /* LXConstants.swift */; };
		2AB3947A22CAE26200373F18 /* ActivityTableViewCell.swift in Sources */ = {isa = PBXBuildFile; fileRef = 2AB3947422CADE9300373F18 /* ActivityTableViewCell.swift */; };
		2AB763B422ADA3CE000B9CF5 /* ImagePicker.swift in Sources */ = {isa = PBXBuildFile; fileRef = 2AB763B322ADA3CE000B9CF5 /* ImagePicker.swift */; };
		2AB763B622ADB766000B9CF5 /* CustomImageView.swift in Sources */ = {isa = PBXBuildFile; fileRef = 2AB763B522ADB766000B9CF5 /* CustomImageView.swift */; };
		2AB763B922ADBF09000B9CF5 /* FirebaseUtilities.swift in Sources */ = {isa = PBXBuildFile; fileRef = 2AB763B822ADBF09000B9CF5 /* FirebaseUtilities.swift */; };
		2ABA837522456E52003A4339 /* AppDelegate.swift in Sources */ = {isa = PBXBuildFile; fileRef = 2ABA837422456E52003A4339 /* AppDelegate.swift */; };
		2ABA837722456E52003A4339 /* ViewController.swift in Sources */ = {isa = PBXBuildFile; fileRef = 2ABA837622456E52003A4339 /* ViewController.swift */; };
		2ABA837A22456E52003A4339 /* Main.storyboard in Resources */ = {isa = PBXBuildFile; fileRef = 2ABA837822456E52003A4339 /* Main.storyboard */; };
		2ABA837D22456E52003A4339 /* LinkX.xcdatamodeld in Sources */ = {isa = PBXBuildFile; fileRef = 2ABA837B22456E52003A4339 /* LinkX.xcdatamodeld */; };
		2ABA837F22456E53003A4339 /* Assets.xcassets in Resources */ = {isa = PBXBuildFile; fileRef = 2ABA837E22456E53003A4339 /* Assets.xcassets */; };
		2ABA838222456E53003A4339 /* LaunchScreen.storyboard in Resources */ = {isa = PBXBuildFile; fileRef = 2ABA838022456E53003A4339 /* LaunchScreen.storyboard */; };
		2ABA838D22456E53003A4339 /* LinkXTests.swift in Sources */ = {isa = PBXBuildFile; fileRef = 2ABA838C22456E53003A4339 /* LinkXTests.swift */; };
		2ABA839822456E53003A4339 /* LinkXUITests.swift in Sources */ = {isa = PBXBuildFile; fileRef = 2ABA839722456E53003A4339 /* LinkXUITests.swift */; };
		2ABA83A6224570C5003A4339 /* GoogleService-Info.plist in Resources */ = {isa = PBXBuildFile; fileRef = 2ABA83A5224570C5003A4339 /* GoogleService-Info.plist */; };
		2ABA83A7224571F6003A4339 /* GoogleService-Info.plist in Resources */ = {isa = PBXBuildFile; fileRef = 2ABA83A5224570C5003A4339 /* GoogleService-Info.plist */; };
		2ABA83A8224571F6003A4339 /* GoogleService-Info.plist in Resources */ = {isa = PBXBuildFile; fileRef = 2ABA83A5224570C5003A4339 /* GoogleService-Info.plist */; };
		2ABD3A63229B8CF400DCA1BE /* ProfileViewController.swift in Sources */ = {isa = PBXBuildFile; fileRef = 2ABD3A62229B8CF400DCA1BE /* ProfileViewController.swift */; };
		2ABD3A65229B8CFE00DCA1BE /* EditProfileViewController.swift in Sources */ = {isa = PBXBuildFile; fileRef = 2ABD3A64229B8CFE00DCA1BE /* EditProfileViewController.swift */; };
		2ABEAB51228A2C5B00587B7E /* Comment.swift in Sources */ = {isa = PBXBuildFile; fileRef = 2ABEAB50228A2C5B00587B7E /* Comment.swift */; };
		2ABEAB53228A2D9F00587B7E /* User.swift in Sources */ = {isa = PBXBuildFile; fileRef = 2ABEAB52228A2D9F00587B7E /* User.swift */; };
		2AD66CF622CAE53F0004AAD0 /* ActivityTableViewController.swift in Sources */ = {isa = PBXBuildFile; fileRef = 2AD66CF522CAE53F0004AAD0 /* ActivityTableViewController.swift */; };
		2AD66CF822CAFC5F0004AAD0 /* EarnPointsViewController.swift in Sources */ = {isa = PBXBuildFile; fileRef = 2AD66CF722CAFC5F0004AAD0 /* EarnPointsViewController.swift */; };
		2AD66CFB22CC5A3A0004AAD0 /* Transaction.swift in Sources */ = {isa = PBXBuildFile; fileRef = 2AD66CFA22CC5A3A0004AAD0 /* Transaction.swift */; };
		2AE8B9EE22E2AC900044CD80 /* Post.swift in Sources */ = {isa = PBXBuildFile; fileRef = 2AE8B9ED22E2AC900044CD80 /* Post.swift */; };
		2AE8B9F122E2AF910044CD80 /* PostTableViewCell.swift in Sources */ = {isa = PBXBuildFile; fileRef = 2AE8B9EF22E2AF910044CD80 /* PostTableViewCell.swift */; };
		2AE8B9F222E2AF910044CD80 /* PostTableViewCell.xib in Resources */ = {isa = PBXBuildFile; fileRef = 2AE8B9F022E2AF910044CD80 /* PostTableViewCell.xib */; };
		2AE8B9F422E2D6650044CD80 /* AddPostViewController.swift in Sources */ = {isa = PBXBuildFile; fileRef = 2AE8B9F322E2D6650044CD80 /* AddPostViewController.swift */; };
		2AE8B9F622E2D7090044CD80 /* PostsViewController.swift in Sources */ = {isa = PBXBuildFile; fileRef = 2AE8B9F522E2D7090044CD80 /* PostsViewController.swift */; };
		2AFA0F2922D5307A005A3EA4 /* AppStore.swift in Sources */ = {isa = PBXBuildFile; fileRef = 2AFA0F2822D5307A005A3EA4 /* AppStore.swift */; };
		2AFA0F2C22D69311005A3EA4 /* funds.json in Resources */ = {isa = PBXBuildFile; fileRef = 2AFA0F2B22D69311005A3EA4 /* funds.json */; };
		2AFA0F2E22D69591005A3EA4 /* graveyard.txt in Resources */ = {isa = PBXBuildFile; fileRef = 2AFA0F2D22D69591005A3EA4 /* graveyard.txt */; };
		2AFA0F3122D8130F005A3EA4 /* FundTableViewCell.swift in Sources */ = {isa = PBXBuildFile; fileRef = 2AFA0F2F22D8130F005A3EA4 /* FundTableViewCell.swift */; };
		2AFA0F3222D8130F005A3EA4 /* FundTableViewCell.xib in Resources */ = {isa = PBXBuildFile; fileRef = 2AFA0F3022D8130F005A3EA4 /* FundTableViewCell.xib */; };
		2AFA0F3422D81B3D005A3EA4 /* FundViewController.swift in Sources */ = {isa = PBXBuildFile; fileRef = 2AFA0F3322D81B3D005A3EA4 /* FundViewController.swift */; };
		2AFA0F3722D96415005A3EA4 /* LXFund+CoreDataClass.swift in Sources */ = {isa = PBXBuildFile; fileRef = 2AFA0F3522D96415005A3EA4 /* LXFund+CoreDataClass.swift */; };
		2AFA0F3822D96415005A3EA4 /* LXFund+CoreDataProperties.swift in Sources */ = {isa = PBXBuildFile; fileRef = 2AFA0F3622D96415005A3EA4 /* LXFund+CoreDataProperties.swift */; };
		2AFB67672262B09C00AE860C /* LXInvestor+CoreDataClass.swift in Sources */ = {isa = PBXBuildFile; fileRef = 2AFB67652262B09C00AE860C /* LXInvestor+CoreDataClass.swift */; };
		2AFB67682262B09C00AE860C /* LXInvestor+CoreDataClass.swift in Sources */ = {isa = PBXBuildFile; fileRef = 2AFB67652262B09C00AE860C /* LXInvestor+CoreDataClass.swift */; };
		2AFB67692262B09C00AE860C /* LXInvestor+CoreDataClass.swift in Sources */ = {isa = PBXBuildFile; fileRef = 2AFB67652262B09C00AE860C /* LXInvestor+CoreDataClass.swift */; };
		2AFB676A2262B09C00AE860C /* LXInvestor+CoreDataProperties.swift in Sources */ = {isa = PBXBuildFile; fileRef = 2AFB67662262B09C00AE860C /* LXInvestor+CoreDataProperties.swift */; };
		2AFB676B2262B09C00AE860C /* LXInvestor+CoreDataProperties.swift in Sources */ = {isa = PBXBuildFile; fileRef = 2AFB67662262B09C00AE860C /* LXInvestor+CoreDataProperties.swift */; };
		2AFB676C2262B09C00AE860C /* LXInvestor+CoreDataProperties.swift in Sources */ = {isa = PBXBuildFile; fileRef = 2AFB67662262B09C00AE860C /* LXInvestor+CoreDataProperties.swift */; };
		2AFB67762262B7F800AE860C /* LXBookmarkTableController.swift in Sources */ = {isa = PBXBuildFile; fileRef = 2AFB67752262B7F800AE860C /* LXBookmarkTableController.swift */; };
		2AFB67772262B7F800AE860C /* LXBookmarkTableController.swift in Sources */ = {isa = PBXBuildFile; fileRef = 2AFB67752262B7F800AE860C /* LXBookmarkTableController.swift */; };
		2AFB67782262B7F800AE860C /* LXBookmarkTableController.swift in Sources */ = {isa = PBXBuildFile; fileRef = 2AFB67752262B7F800AE860C /* LXBookmarkTableController.swift */; };
		CC33249F163993D9B9B705B2 /* Pods_LinkX.framework in Frameworks */ = {isa = PBXBuildFile; fileRef = 7EBF4A599DD3E61FAE6035E1 /* Pods_LinkX.framework */; };
/* End PBXBuildFile section */

/* Begin PBXContainerItemProxy section */
		2ABA838922456E53003A4339 /* PBXContainerItemProxy */ = {
			isa = PBXContainerItemProxy;
			containerPortal = 2ABA836922456E51003A4339 /* Project object */;
			proxyType = 1;
			remoteGlobalIDString = 2ABA837022456E51003A4339;
			remoteInfo = LinkX;
		};
		2ABA839422456E53003A4339 /* PBXContainerItemProxy */ = {
			isa = PBXContainerItemProxy;
			containerPortal = 2ABA836922456E51003A4339 /* Project object */;
			proxyType = 1;
			remoteGlobalIDString = 2ABA837022456E51003A4339;
			remoteInfo = LinkX;
		};
/* End PBXContainerItemProxy section */

/* Begin PBXFileReference section */
		2A21617A2247271400D0ACDA /* EmailViewController.swift */ = {isa = PBXFileReference; lastKnownFileType = sourcecode.swift; path = EmailViewController.swift; sourceTree = "<group>"; };
		2A21617C22472F3800D0ACDA /* Investor.swift */ = {isa = PBXFileReference; lastKnownFileType = sourcecode.swift; path = Investor.swift; sourceTree = "<group>"; };
		2A21617E22473A2700D0ACDA /* InvestorTableViewCell.swift */ = {isa = PBXFileReference; lastKnownFileType = sourcecode.swift; path = InvestorTableViewCell.swift; sourceTree = "<group>"; };
		2A21617F22473A2700D0ACDA /* InvestorTableViewCell.xib */ = {isa = PBXFileReference; lastKnownFileType = file.xib; path = InvestorTableViewCell.xib; sourceTree = "<group>"; };
		2A3C690922DC1D5F00E24319 /* Stage.swift */ = {isa = PBXFileReference; lastKnownFileType = sourcecode.swift; path = Stage.swift; sourceTree = "<group>"; };
		2A49BE5B22BC2D3800C118EA /* Point.swift */ = {isa = PBXFileReference; lastKnownFileType = sourcecode.swift; path = Point.swift; sourceTree = "<group>"; };
		2A49BE5D22BC2E5C00C118EA /* Activity.swift */ = {isa = PBXFileReference; lastKnownFileType = sourcecode.swift; path = Activity.swift; sourceTree = "<group>"; };
		2A49BE5F22BCBDFE00C118EA /* ContributeViewController.swift */ = {isa = PBXFileReference; lastKnownFileType = sourcecode.swift; path = ContributeViewController.swift; sourceTree = "<group>"; };
		2A49BE6122BCBF3F00C118EA /* UploadViewController.swift */ = {isa = PBXFileReference; lastKnownFileType = sourcecode.swift; path = UploadViewController.swift; sourceTree = "<group>"; };
		2A49BE6322BCD25E00C118EA /* RateTableViewCell.swift */ = {isa = PBXFileReference; lastKnownFileType = sourcecode.swift; path = RateTableViewCell.swift; sourceTree = "<group>"; };
		2A49BE6422BCD25E00C118EA /* RateTableViewCell.xib */ = {isa = PBXFileReference; lastKnownFileType = file.xib; path = RateTableViewCell.xib; sourceTree = "<group>"; };
		2A49BE6722BCD27600C118EA /* ReviewTableViewCell.swift */ = {isa = PBXFileReference; lastKnownFileType = sourcecode.swift; path = ReviewTableViewCell.swift; sourceTree = "<group>"; };
		2A49BE6822BCD27600C118EA /* ReviewTableViewCell.xib */ = {isa = PBXFileReference; lastKnownFileType = file.xib; path = ReviewTableViewCell.xib; sourceTree = "<group>"; };
		2A49BE6B22C2C44900C118EA /* Contribution.swift */ = {isa = PBXFileReference; lastKnownFileType = sourcecode.swift; path = Contribution.swift; sourceTree = "<group>"; };
		2A49BE6D22C431FD00C118EA /* ContributionTableViewCell.swift */ = {isa = PBXFileReference; lastKnownFileType = sourcecode.swift; path = ContributionTableViewCell.swift; sourceTree = "<group>"; };
		2A49BE6E22C431FD00C118EA /* ContributionTableViewCell.xib */ = {isa = PBXFileReference; lastKnownFileType = file.xib; path = ContributionTableViewCell.xib; sourceTree = "<group>"; };
		2A5C9FB5224748EC0072CC2F /* IAPHandler.swift */ = {isa = PBXFileReference; lastKnownFileType = sourcecode.swift; path = IAPHandler.swift; sourceTree = "<group>"; };
		2A763AB122E55DDF00769044 /* UIView+Ext.swift */ = {isa = PBXFileReference; lastKnownFileType = sourcecode.swift; name = "UIView+Ext.swift"; path = "LinkX/Extensions/UIView+Ext.swift"; sourceTree = SOURCE_ROOT; };
		2A763AB622E55E9800769044 /* Date+Ext.swift */ = {isa = PBXFileReference; fileEncoding = 4; lastKnownFileType = sourcecode.swift; name = "Date+Ext.swift"; path = "LinkX/New Group/Extensions/Date+Ext.swift"; sourceTree = SOURCE_ROOT; };
		2A7B9AEA22BAEA4B00B6CEEC /* Rating.swift */ = {isa = PBXFileReference; lastKnownFileType = sourcecode.swift; path = Rating.swift; sourceTree = "<group>"; };
		2A7B9AEC22BAEB6100B6CEEC /* Review.swift */ = {isa = PBXFileReference; lastKnownFileType = sourcecode.swift; path = Review.swift; sourceTree = "<group>"; };
		2A7B9AEE22BAEC1800B6CEEC /* Fund.swift */ = {isa = PBXFileReference; lastKnownFileType = sourcecode.swift; path = Fund.swift; sourceTree = "<group>"; };
		2A7B9AF022BAECE900B6CEEC /* Sector.swift */ = {isa = PBXFileReference; lastKnownFileType = sourcecode.swift; path = Sector.swift; sourceTree = "<group>"; };
		2A7B9AF222BAF66300B6CEEC /* SignupViewController.swift */ = {isa = PBXFileReference; lastKnownFileType = sourcecode.swift; path = SignupViewController.swift; sourceTree = "<group>"; };
		2A7B9AF522BAFD3000B6CEEC /* SigninViewController.swift */ = {isa = PBXFileReference; lastKnownFileType = sourcecode.swift; path = SigninViewController.swift; sourceTree = "<group>"; };
		2A7B9AFF22BAFED000B6CEEC /* Segues.swift */ = {isa = PBXFileReference; lastKnownFileType = sourcecode.swift; path = Segues.swift; sourceTree = "<group>"; };
		2AA2408922C6BE3F000B261F /* eula.html */ = {isa = PBXFileReference; lastKnownFileType = text.html; path = eula.html; sourceTree = "<group>"; };
		2AA2408B22C6BEDD000B261F /* privacy-policy.html */ = {isa = PBXFileReference; fileEncoding = 4; lastKnownFileType = text.html; path = "privacy-policy.html"; sourceTree = "<group>"; };
		2AA2408D22C6C8CF000B261F /* InviteViewController.swift */ = {isa = PBXFileReference; lastKnownFileType = sourcecode.swift; path = InviteViewController.swift; sourceTree = "<group>"; };
		2AB3947422CADE9300373F18 /* ActivityTableViewCell.swift */ = {isa = PBXFileReference; lastKnownFileType = sourcecode.swift; path = ActivityTableViewCell.swift; sourceTree = "<group>"; };
		2AB3947522CADE9300373F18 /* ActivityTableViewCell.xib */ = {isa = PBXFileReference; lastKnownFileType = file.xib; path = ActivityTableViewCell.xib; sourceTree = "<group>"; };
		2AB3947822CAE18800373F18 /* LXConstants.swift */ = {isa = PBXFileReference; lastKnownFileType = sourcecode.swift; path = LXConstants.swift; sourceTree = "<group>"; };
		2AB763B322ADA3CE000B9CF5 /* ImagePicker.swift */ = {isa = PBXFileReference; lastKnownFileType = sourcecode.swift; path = ImagePicker.swift; sourceTree = "<group>"; };
		2AB763B522ADB766000B9CF5 /* CustomImageView.swift */ = {isa = PBXFileReference; lastKnownFileType = sourcecode.swift; path = CustomImageView.swift; sourceTree = "<group>"; };
		2AB763B822ADBF09000B9CF5 /* FirebaseUtilities.swift */ = {isa = PBXFileReference; lastKnownFileType = sourcecode.swift; path = FirebaseUtilities.swift; sourceTree = "<group>"; };
		2ABA837122456E52003A4339 /* LinkX.app */ = {isa = PBXFileReference; explicitFileType = wrapper.application; includeInIndex = 0; path = LinkX.app; sourceTree = BUILT_PRODUCTS_DIR; };
		2ABA837422456E52003A4339 /* AppDelegate.swift */ = {isa = PBXFileReference; lastKnownFileType = sourcecode.swift; path = AppDelegate.swift; sourceTree = "<group>"; };
		2ABA837622456E52003A4339 /* ViewController.swift */ = {isa = PBXFileReference; lastKnownFileType = sourcecode.swift; path = ViewController.swift; sourceTree = "<group>"; };
		2ABA837922456E52003A4339 /* Base */ = {isa = PBXFileReference; lastKnownFileType = file.storyboard; name = Base; path = Base.lproj/Main.storyboard; sourceTree = "<group>"; };
		2ABA837C22456E52003A4339 /* LinkX.xcdatamodel */ = {isa = PBXFileReference; lastKnownFileType = wrapper.xcdatamodel; path = LinkX.xcdatamodel; sourceTree = "<group>"; };
		2ABA837E22456E53003A4339 /* Assets.xcassets */ = {isa = PBXFileReference; lastKnownFileType = folder.assetcatalog; path = Assets.xcassets; sourceTree = "<group>"; };
		2ABA838122456E53003A4339 /* Base */ = {isa = PBXFileReference; lastKnownFileType = file.storyboard; name = Base; path = Base.lproj/LaunchScreen.storyboard; sourceTree = "<group>"; };
		2ABA838322456E53003A4339 /* Info.plist */ = {isa = PBXFileReference; lastKnownFileType = text.plist.xml; path = Info.plist; sourceTree = "<group>"; };
		2ABA838822456E53003A4339 /* LinkXTests.xctest */ = {isa = PBXFileReference; explicitFileType = wrapper.cfbundle; includeInIndex = 0; path = LinkXTests.xctest; sourceTree = BUILT_PRODUCTS_DIR; };
		2ABA838C22456E53003A4339 /* LinkXTests.swift */ = {isa = PBXFileReference; lastKnownFileType = sourcecode.swift; path = LinkXTests.swift; sourceTree = "<group>"; };
		2ABA838E22456E53003A4339 /* Info.plist */ = {isa = PBXFileReference; lastKnownFileType = text.plist.xml; path = Info.plist; sourceTree = "<group>"; };
		2ABA839322456E53003A4339 /* LinkXUITests.xctest */ = {isa = PBXFileReference; explicitFileType = wrapper.cfbundle; includeInIndex = 0; path = LinkXUITests.xctest; sourceTree = BUILT_PRODUCTS_DIR; };
		2ABA839722456E53003A4339 /* LinkXUITests.swift */ = {isa = PBXFileReference; lastKnownFileType = sourcecode.swift; path = LinkXUITests.swift; sourceTree = "<group>"; };
		2ABA839922456E53003A4339 /* Info.plist */ = {isa = PBXFileReference; lastKnownFileType = text.plist.xml; path = Info.plist; sourceTree = "<group>"; };
		2ABA83A5224570C5003A4339 /* GoogleService-Info.plist */ = {isa = PBXFileReference; fileEncoding = 4; lastKnownFileType = text.plist.xml; path = "GoogleService-Info.plist"; sourceTree = "<group>"; };
		2ABD3A62229B8CF400DCA1BE /* ProfileViewController.swift */ = {isa = PBXFileReference; lastKnownFileType = sourcecode.swift; path = ProfileViewController.swift; sourceTree = "<group>"; };
		2ABD3A64229B8CFE00DCA1BE /* EditProfileViewController.swift */ = {isa = PBXFileReference; lastKnownFileType = sourcecode.swift; path = EditProfileViewController.swift; sourceTree = "<group>"; };
		2ABEAB50228A2C5B00587B7E /* Comment.swift */ = {isa = PBXFileReference; lastKnownFileType = sourcecode.swift; path = Comment.swift; sourceTree = "<group>"; };
		2ABEAB52228A2D9F00587B7E /* User.swift */ = {isa = PBXFileReference; lastKnownFileType = sourcecode.swift; path = User.swift; sourceTree = "<group>"; };
		2AD66CF522CAE53F0004AAD0 /* ActivityTableViewController.swift */ = {isa = PBXFileReference; lastKnownFileType = sourcecode.swift; path = ActivityTableViewController.swift; sourceTree = "<group>"; };
		2AD66CF722CAFC5F0004AAD0 /* EarnPointsViewController.swift */ = {isa = PBXFileReference; lastKnownFileType = sourcecode.swift; path = EarnPointsViewController.swift; sourceTree = "<group>"; };
		2AD66CF922CB15470004AAD0 /* LinkX.entitlements */ = {isa = PBXFileReference; lastKnownFileType = text.plist.entitlements; path = LinkX.entitlements; sourceTree = "<group>"; };
		2AD66CFA22CC5A3A0004AAD0 /* Transaction.swift */ = {isa = PBXFileReference; lastKnownFileType = sourcecode.swift; path = Transaction.swift; sourceTree = "<group>"; };
		2AE8B9ED22E2AC900044CD80 /* Post.swift */ = {isa = PBXFileReference; lastKnownFileType = sourcecode.swift; path = Post.swift; sourceTree = "<group>"; };
		2AE8B9EF22E2AF910044CD80 /* PostTableViewCell.swift */ = {isa = PBXFileReference; lastKnownFileType = sourcecode.swift; path = PostTableViewCell.swift; sourceTree = "<group>"; };
		2AE8B9F022E2AF910044CD80 /* PostTableViewCell.xib */ = {isa = PBXFileReference; lastKnownFileType = file.xib; path = PostTableViewCell.xib; sourceTree = "<group>"; };
		2AE8B9F322E2D6650044CD80 /* AddPostViewController.swift */ = {isa = PBXFileReference; lastKnownFileType = sourcecode.swift; path = AddPostViewController.swift; sourceTree = "<group>"; };
		2AE8B9F522E2D7090044CD80 /* PostsViewController.swift */ = {isa = PBXFileReference; lastKnownFileType = sourcecode.swift; path = PostsViewController.swift; sourceTree = "<group>"; };
		2AFA0F2822D5307A005A3EA4 /* AppStore.swift */ = {isa = PBXFileReference; lastKnownFileType = sourcecode.swift; path = AppStore.swift; sourceTree = "<group>"; };
		2AFA0F2B22D69311005A3EA4 /* funds.json */ = {isa = PBXFileReference; fileEncoding = 4; lastKnownFileType = text.json; path = funds.json; sourceTree = "<group>"; };
		2AFA0F2D22D69591005A3EA4 /* graveyard.txt */ = {isa = PBXFileReference; lastKnownFileType = text; path = graveyard.txt; sourceTree = "<group>"; };
		2AFA0F2F22D8130F005A3EA4 /* FundTableViewCell.swift */ = {isa = PBXFileReference; lastKnownFileType = sourcecode.swift; path = FundTableViewCell.swift; sourceTree = "<group>"; };
		2AFA0F3022D8130F005A3EA4 /* FundTableViewCell.xib */ = {isa = PBXFileReference; lastKnownFileType = file.xib; path = FundTableViewCell.xib; sourceTree = "<group>"; };
		2AFA0F3322D81B3D005A3EA4 /* FundViewController.swift */ = {isa = PBXFileReference; lastKnownFileType = sourcecode.swift; path = FundViewController.swift; sourceTree = "<group>"; };
		2AFA0F3522D96415005A3EA4 /* LXFund+CoreDataClass.swift */ = {isa = PBXFileReference; lastKnownFileType = sourcecode.swift; path = "LXFund+CoreDataClass.swift"; sourceTree = "<group>"; };
		2AFA0F3622D96415005A3EA4 /* LXFund+CoreDataProperties.swift */ = {isa = PBXFileReference; lastKnownFileType = sourcecode.swift; path = "LXFund+CoreDataProperties.swift"; sourceTree = "<group>"; };
		2AFB67652262B09C00AE860C /* LXInvestor+CoreDataClass.swift */ = {isa = PBXFileReference; lastKnownFileType = sourcecode.swift; path = "LXInvestor+CoreDataClass.swift"; sourceTree = "<group>"; };
		2AFB67662262B09C00AE860C /* LXInvestor+CoreDataProperties.swift */ = {isa = PBXFileReference; lastKnownFileType = sourcecode.swift; path = "LXInvestor+CoreDataProperties.swift"; sourceTree = "<group>"; };
		2AFB67752262B7F800AE860C /* LXBookmarkTableController.swift */ = {isa = PBXFileReference; lastKnownFileType = sourcecode.swift; path = LXBookmarkTableController.swift; sourceTree = "<group>"; };
		3DB6C44D9B371464DD60D117 /* Pods_LinkXUITests.framework */ = {isa = PBXFileReference; explicitFileType = wrapper.framework; includeInIndex = 0; path = Pods_LinkXUITests.framework; sourceTree = BUILT_PRODUCTS_DIR; };
		56C0924E2538B8FB0CE431F7 /* Pods-LinkXUITests.debug.xcconfig */ = {isa = PBXFileReference; includeInIndex = 1; lastKnownFileType = text.xcconfig; name = "Pods-LinkXUITests.debug.xcconfig"; path = "Pods/Target Support Files/Pods-LinkXUITests/Pods-LinkXUITests.debug.xcconfig"; sourceTree = "<group>"; };
		7EBF4A599DD3E61FAE6035E1 /* Pods_LinkX.framework */ = {isa = PBXFileReference; explicitFileType = wrapper.framework; includeInIndex = 0; path = Pods_LinkX.framework; sourceTree = BUILT_PRODUCTS_DIR; };
		8B33ED57DBB246643862B119 /* Pods-LinkX.debug.xcconfig */ = {isa = PBXFileReference; includeInIndex = 1; lastKnownFileType = text.xcconfig; name = "Pods-LinkX.debug.xcconfig"; path = "Pods/Target Support Files/Pods-LinkX/Pods-LinkX.debug.xcconfig"; sourceTree = "<group>"; };
		8C0059FF88943F7FEBC7BBD7 /* Pods_LinkXTests.framework */ = {isa = PBXFileReference; explicitFileType = wrapper.framework; includeInIndex = 0; path = Pods_LinkXTests.framework; sourceTree = BUILT_PRODUCTS_DIR; };
		9F858FDC7E6F447B119D9CCE /* Pods-LinkXUITests.release.xcconfig */ = {isa = PBXFileReference; includeInIndex = 1; lastKnownFileType = text.xcconfig; name = "Pods-LinkXUITests.release.xcconfig"; path = "Pods/Target Support Files/Pods-LinkXUITests/Pods-LinkXUITests.release.xcconfig"; sourceTree = "<group>"; };
		D7BF8AC9D991B12E11B364C1 /* Pods-LinkXTests.release.xcconfig */ = {isa = PBXFileReference; includeInIndex = 1; lastKnownFileType = text.xcconfig; name = "Pods-LinkXTests.release.xcconfig"; path = "Pods/Target Support Files/Pods-LinkXTests/Pods-LinkXTests.release.xcconfig"; sourceTree = "<group>"; };
		E223209C85866094827F2FBC /* Pods-LinkXTests.debug.xcconfig */ = {isa = PBXFileReference; includeInIndex = 1; lastKnownFileType = text.xcconfig; name = "Pods-LinkXTests.debug.xcconfig"; path = "Pods/Target Support Files/Pods-LinkXTests/Pods-LinkXTests.debug.xcconfig"; sourceTree = "<group>"; };
		EBA5C2B6828375356A497CC9 /* Pods-LinkX.release.xcconfig */ = {isa = PBXFileReference; includeInIndex = 1; lastKnownFileType = text.xcconfig; name = "Pods-LinkX.release.xcconfig"; path = "Pods/Target Support Files/Pods-LinkX/Pods-LinkX.release.xcconfig"; sourceTree = "<group>"; };
/* End PBXFileReference section */

/* Begin PBXFrameworksBuildPhase section */
		2ABA836E22456E51003A4339 /* Frameworks */ = {
			isa = PBXFrameworksBuildPhase;
			buildActionMask = 2147483647;
			files = (
				CC33249F163993D9B9B705B2 /* Pods_LinkX.framework in Frameworks */,
			);
			runOnlyForDeploymentPostprocessing = 0;
		};
		2ABA838522456E53003A4339 /* Frameworks */ = {
			isa = PBXFrameworksBuildPhase;
			buildActionMask = 2147483647;
			files = (
				1EB6B182FB27DB618742AE0B /* Pods_LinkXTests.framework in Frameworks */,
			);
			runOnlyForDeploymentPostprocessing = 0;
		};
		2ABA839022456E53003A4339 /* Frameworks */ = {
			isa = PBXFrameworksBuildPhase;
			buildActionMask = 2147483647;
			files = (
				1C9BC1508803A545E259ECA8 /* Pods_LinkXUITests.framework in Frameworks */,
			);
			runOnlyForDeploymentPostprocessing = 0;
		};
/* End PBXFrameworksBuildPhase section */

/* Begin PBXGroup section */
		2A763AB322E55E1B00769044 /* Extensions */ = {
			isa = PBXGroup;
			children = (
				2A763AB622E55E9800769044 /* Date+Ext.swift */,
				2A763AB122E55DDF00769044 /* UIView+Ext.swift */,
			);
			path = Extensions;
			sourceTree = "<group>";
		};
		2A7B9AF422BAFD1C00B6CEEC /* ViewControllers */ = {
			isa = PBXGroup;
			children = (
				2AD66CF422CAE5300004AAD0 /* Tables */,
				2A21617A2247271400D0ACDA /* EmailViewController.swift */,
				2ABA837622456E52003A4339 /* ViewController.swift */,
				2A7B9AF222BAF66300B6CEEC /* SignupViewController.swift */,
				2ABD3A64229B8CFE00DCA1BE /* EditProfileViewController.swift */,
				2ABD3A62229B8CF400DCA1BE /* ProfileViewController.swift */,
				2A7B9AF522BAFD3000B6CEEC /* SigninViewController.swift */,
				2A49BE5F22BCBDFE00C118EA /* ContributeViewController.swift */,
				2A49BE6122BCBF3F00C118EA /* UploadViewController.swift */,
				2AA2408D22C6C8CF000B261F /* InviteViewController.swift */,
				2AD66CF722CAFC5F0004AAD0 /* EarnPointsViewController.swift */,
				2AFA0F3322D81B3D005A3EA4 /* FundViewController.swift */,
				2AE8B9F322E2D6650044CD80 /* AddPostViewController.swift */,
				2AE8B9F522E2D7090044CD80 /* PostsViewController.swift */,
			);
			path = ViewControllers;
			sourceTree = "<group>";
		};
		2A7B9AF722BAFD5000B6CEEC /* Models */ = {
			isa = PBXGroup;
			children = (
				2AB3947822CAE18800373F18 /* LXConstants.swift */,
				2A7B9AF922BAFD6A00B6CEEC /* Structs */,
				2A7B9AF822BAFD5900B6CEEC /* CoreData */,
			);
			path = Models;
			sourceTree = "<group>";
		};
		2A7B9AF822BAFD5900B6CEEC /* CoreData */ = {
			isa = PBXGroup;
			children = (
				2AFA0F3522D96415005A3EA4 /* LXFund+CoreDataClass.swift */,
				2AFA0F3622D96415005A3EA4 /* LXFund+CoreDataProperties.swift */,
				2ABA837B22456E52003A4339 /* LinkX.xcdatamodeld */,
				2AFB67752262B7F800AE860C /* LXBookmarkTableController.swift */,
				2AFB67652262B09C00AE860C /* LXInvestor+CoreDataClass.swift */,
				2AFB67662262B09C00AE860C /* LXInvestor+CoreDataProperties.swift */,
			);
			path = CoreData;
			sourceTree = "<group>";
		};
		2A7B9AF922BAFD6A00B6CEEC /* Structs */ = {
			isa = PBXGroup;
			children = (
				2A21617C22472F3800D0ACDA /* Investor.swift */,
				2ABEAB50228A2C5B00587B7E /* Comment.swift */,
				2AD66CFA22CC5A3A0004AAD0 /* Transaction.swift */,
				2ABEAB52228A2D9F00587B7E /* User.swift */,
				2A7B9AEA22BAEA4B00B6CEEC /* Rating.swift */,
				2A7B9AEC22BAEB6100B6CEEC /* Review.swift */,
				2A7B9AEE22BAEC1800B6CEEC /* Fund.swift */,
				2A7B9AF022BAECE900B6CEEC /* Sector.swift */,
				2A49BE5B22BC2D3800C118EA /* Point.swift */,
				2A49BE5D22BC2E5C00C118EA /* Activity.swift */,
				2A49BE6B22C2C44900C118EA /* Contribution.swift */,
				2A3C690922DC1D5F00E24319 /* Stage.swift */,
				2AE8B9ED22E2AC900044CD80 /* Post.swift */,
			);
			path = Structs;
			sourceTree = "<group>";
		};
		2A7B9AFA22BAFD8300B6CEEC /* Views */ = {
			isa = PBXGroup;
			children = (
				2AB763B522ADB766000B9CF5 /* CustomImageView.swift */,
				2A7B9AFC22BAFDAA00B6CEEC /* Storyboards */,
				2A7B9AFB22BAFD9600B6CEEC /* TableCells */,
			);
			path = Views;
			sourceTree = "<group>";
		};
		2A7B9AFB22BAFD9600B6CEEC /* TableCells */ = {
			isa = PBXGroup;
			children = (
				2A21617E22473A2700D0ACDA /* InvestorTableViewCell.swift */,
				2A21617F22473A2700D0ACDA /* InvestorTableViewCell.xib */,
				2A49BE6322BCD25E00C118EA /* RateTableViewCell.swift */,
				2A49BE6422BCD25E00C118EA /* RateTableViewCell.xib */,
				2A49BE6722BCD27600C118EA /* ReviewTableViewCell.swift */,
				2A49BE6822BCD27600C118EA /* ReviewTableViewCell.xib */,
				2A49BE6D22C431FD00C118EA /* ContributionTableViewCell.swift */,
				2A49BE6E22C431FD00C118EA /* ContributionTableViewCell.xib */,
				2AB3947422CADE9300373F18 /* ActivityTableViewCell.swift */,
				2AB3947522CADE9300373F18 /* ActivityTableViewCell.xib */,
				2AFA0F2F22D8130F005A3EA4 /* FundTableViewCell.swift */,
				2AFA0F3022D8130F005A3EA4 /* FundTableViewCell.xib */,
				2AE8B9EF22E2AF910044CD80 /* PostTableViewCell.swift */,
				2AE8B9F022E2AF910044CD80 /* PostTableViewCell.xib */,
			);
			path = TableCells;
			sourceTree = "<group>";
		};
		2A7B9AFC22BAFDAA00B6CEEC /* Storyboards */ = {
			isa = PBXGroup;
			children = (
				2ABA837822456E52003A4339 /* Main.storyboard */,
				2ABA838022456E53003A4339 /* LaunchScreen.storyboard */,
			);
			path = Storyboards;
			sourceTree = "<group>";
		};
		2A7B9AFE22BAFE5100B6CEEC /* Defaults */ = {
			isa = PBXGroup;
			children = (
				2AFA0F2D22D69591005A3EA4 /* graveyard.txt */,
				2AFA0F2B22D69311005A3EA4 /* funds.json */,
				2ABA837E22456E53003A4339 /* Assets.xcassets */,
				2ABA837422456E52003A4339 /* AppDelegate.swift */,
				2ABA838322456E53003A4339 /* Info.plist */,
				2ABA83A5224570C5003A4339 /* GoogleService-Info.plist */,
				2AA2408B22C6BEDD000B261F /* privacy-policy.html */,
				2AA2408922C6BE3F000B261F /* eula.html */,
			);
			path = Defaults;
			sourceTree = "<group>";
		};
		2AB763B722ADBEFE000B9CF5 /* Utilities */ = {
			isa = PBXGroup;
			children = (
				2A5C9FB5224748EC0072CC2F /* IAPHandler.swift */,
				2AB763B322ADA3CE000B9CF5 /* ImagePicker.swift */,
				2AB763B822ADBF09000B9CF5 /* FirebaseUtilities.swift */,
				2A7B9AFF22BAFED000B6CEEC /* Segues.swift */,
			);
			path = Utilities;
			sourceTree = "<group>";
		};
		2ABA836822456E51003A4339 = {
			isa = PBXGroup;
			children = (
				2ABA837322456E52003A4339 /* LinkX */,
				2ABA838B22456E53003A4339 /* LinkXTests */,
				2ABA839622456E53003A4339 /* LinkXUITests */,
				2ABA837222456E52003A4339 /* Products */,
				5EFF674B588BD99E13C84887 /* Pods */,
				3078E0387813F28EF0698132 /* Frameworks */,
			);
			sourceTree = "<group>";
		};
		2ABA837222456E52003A4339 /* Products */ = {
			isa = PBXGroup;
			children = (
				2ABA837122456E52003A4339 /* LinkX.app */,
				2ABA838822456E53003A4339 /* LinkXTests.xctest */,
				2ABA839322456E53003A4339 /* LinkXUITests.xctest */,
			);
			name = Products;
			sourceTree = "<group>";
		};
		2ABA837322456E52003A4339 /* LinkX */ = {
			isa = PBXGroup;
			children = (
				2AD66CF922CB15470004AAD0 /* LinkX.entitlements */,
				2A7B9AF722BAFD5000B6CEEC /* Models */,
				2A7B9AFE22BAFE5100B6CEEC /* Defaults */,
				2A7B9AFA22BAFD8300B6CEEC /* Views */,
				2A7B9AF422BAFD1C00B6CEEC /* ViewControllers */,
				2AB763B722ADBEFE000B9CF5 /* Utilities */,
				2AFA0F2822D5307A005A3EA4 /* AppStore.swift */,
				2A763AB322E55E1B00769044 /* Extensions */,
			);
			path = LinkX;
			sourceTree = "<group>";
		};
		2ABA838B22456E53003A4339 /* LinkXTests */ = {
			isa = PBXGroup;
			children = (
				2ABA838C22456E53003A4339 /* LinkXTests.swift */,
				2ABA838E22456E53003A4339 /* Info.plist */,
			);
			path = LinkXTests;
			sourceTree = "<group>";
		};
		2ABA839622456E53003A4339 /* LinkXUITests */ = {
			isa = PBXGroup;
			children = (
				2ABA839722456E53003A4339 /* LinkXUITests.swift */,
				2ABA839922456E53003A4339 /* Info.plist */,
			);
			path = LinkXUITests;
			sourceTree = "<group>";
		};
		2AD66CF422CAE5300004AAD0 /* Tables */ = {
			isa = PBXGroup;
			children = (
				2AD66CF522CAE53F0004AAD0 /* ActivityTableViewController.swift */,
			);
			path = Tables;
			sourceTree = "<group>";
		};
		3078E0387813F28EF0698132 /* Frameworks */ = {
			isa = PBXGroup;
			children = (
				7EBF4A599DD3E61FAE6035E1 /* Pods_LinkX.framework */,
				8C0059FF88943F7FEBC7BBD7 /* Pods_LinkXTests.framework */,
				3DB6C44D9B371464DD60D117 /* Pods_LinkXUITests.framework */,
			);
			name = Frameworks;
			sourceTree = "<group>";
		};
		5EFF674B588BD99E13C84887 /* Pods */ = {
			isa = PBXGroup;
			children = (
				8B33ED57DBB246643862B119 /* Pods-LinkX.debug.xcconfig */,
				EBA5C2B6828375356A497CC9 /* Pods-LinkX.release.xcconfig */,
				E223209C85866094827F2FBC /* Pods-LinkXTests.debug.xcconfig */,
				D7BF8AC9D991B12E11B364C1 /* Pods-LinkXTests.release.xcconfig */,
				56C0924E2538B8FB0CE431F7 /* Pods-LinkXUITests.debug.xcconfig */,
				9F858FDC7E6F447B119D9CCE /* Pods-LinkXUITests.release.xcconfig */,
			);
			name = Pods;
			sourceTree = "<group>";
		};
/* End PBXGroup section */

/* Begin PBXNativeTarget section */
		2ABA837022456E51003A4339 /* LinkX */ = {
			isa = PBXNativeTarget;
			buildConfigurationList = 2ABA839C22456E53003A4339 /* Build configuration list for PBXNativeTarget "LinkX" */;
			buildPhases = (
				7FA86958E569A375E67A899A /* [CP] Check Pods Manifest.lock */,
				2ABA836D22456E51003A4339 /* Sources */,
				2ABA836E22456E51003A4339 /* Frameworks */,
				2ABA836F22456E51003A4339 /* Resources */,
				AE1233D5F68E6D1729EAFF1B /* [CP] Embed Pods Frameworks */,
				6525BB3397ABD6BF9AB18480 /* [CP] Copy Pods Resources */,
			);
			buildRules = (
			);
			dependencies = (
			);
			name = LinkX;
			productName = LinkX;
			productReference = 2ABA837122456E52003A4339 /* LinkX.app */;
			productType = "com.apple.product-type.application";
		};
		2ABA838722456E53003A4339 /* LinkXTests */ = {
			isa = PBXNativeTarget;
			buildConfigurationList = 2ABA839F22456E53003A4339 /* Build configuration list for PBXNativeTarget "LinkXTests" */;
			buildPhases = (
				2FCEE1585358D4BC8F0A8C34 /* [CP] Check Pods Manifest.lock */,
				2ABA838422456E53003A4339 /* Sources */,
				2ABA838522456E53003A4339 /* Frameworks */,
				2ABA838622456E53003A4339 /* Resources */,
			);
			buildRules = (
			);
			dependencies = (
				2ABA838A22456E53003A4339 /* PBXTargetDependency */,
			);
			name = LinkXTests;
			productName = LinkXTests;
			productReference = 2ABA838822456E53003A4339 /* LinkXTests.xctest */;
			productType = "com.apple.product-type.bundle.unit-test";
		};
		2ABA839222456E53003A4339 /* LinkXUITests */ = {
			isa = PBXNativeTarget;
			buildConfigurationList = 2ABA83A222456E53003A4339 /* Build configuration list for PBXNativeTarget "LinkXUITests" */;
			buildPhases = (
				C407ADB225EF19E5F5FE9CCA /* [CP] Check Pods Manifest.lock */,
				2ABA838F22456E53003A4339 /* Sources */,
				2ABA839022456E53003A4339 /* Frameworks */,
				2ABA839122456E53003A4339 /* Resources */,
			);
			buildRules = (
			);
			dependencies = (
				2ABA839522456E53003A4339 /* PBXTargetDependency */,
			);
			name = LinkXUITests;
			productName = LinkXUITests;
			productReference = 2ABA839322456E53003A4339 /* LinkXUITests.xctest */;
			productType = "com.apple.product-type.bundle.ui-testing";
		};
/* End PBXNativeTarget section */

/* Begin PBXProject section */
		2ABA836922456E51003A4339 /* Project object */ = {
			isa = PBXProject;
			attributes = {
				LastSwiftUpdateCheck = 1010;
				LastUpgradeCheck = 1010;
				ORGANIZATIONNAME = CodeSigned;
				TargetAttributes = {
					2ABA837022456E51003A4339 = {
						CreatedOnToolsVersion = 10.1;
						SystemCapabilities = {
							com.apple.BackgroundModes = {
								enabled = 1;
							};
							com.apple.Push = {
								enabled = 1;
							};
							com.apple.SafariKeychain = {
								enabled = 1;
							};
						};
					};
					2ABA838722456E53003A4339 = {
						CreatedOnToolsVersion = 10.1;
						TestTargetID = 2ABA837022456E51003A4339;
					};
					2ABA839222456E53003A4339 = {
						CreatedOnToolsVersion = 10.1;
						TestTargetID = 2ABA837022456E51003A4339;
					};
				};
			};
			buildConfigurationList = 2ABA836C22456E51003A4339 /* Build configuration list for PBXProject "LinkX" */;
			compatibilityVersion = "Xcode 9.3";
			developmentRegion = en;
			hasScannedForEncodings = 0;
			knownRegions = (
				en,
				Base,
			);
			mainGroup = 2ABA836822456E51003A4339;
			productRefGroup = 2ABA837222456E52003A4339 /* Products */;
			projectDirPath = "";
			projectRoot = "";
			targets = (
				2ABA837022456E51003A4339 /* LinkX */,
				2ABA838722456E53003A4339 /* LinkXTests */,
				2ABA839222456E53003A4339 /* LinkXUITests */,
			);
		};
/* End PBXProject section */

/* Begin PBXResourcesBuildPhase section */
		2ABA836F22456E51003A4339 /* Resources */ = {
			isa = PBXResourcesBuildPhase;
			buildActionMask = 2147483647;
			files = (
				2ABA838222456E53003A4339 /* LaunchScreen.storyboard in Resources */,
				2A49BE7022C431FD00C118EA /* ContributionTableViewCell.xib in Resources */,
				2A49BE6622BCD25E00C118EA /* RateTableViewCell.xib in Resources */,
				2ABA83A6224570C5003A4339 /* GoogleService-Info.plist in Resources */,
				2A49BE6A22BCD27600C118EA /* ReviewTableViewCell.xib in Resources */,
				2AB3947722CADE9300373F18 /* ActivityTableViewCell.xib in Resources */,
				2AE8B9F222E2AF910044CD80 /* PostTableViewCell.xib in Resources */,
				2AFA0F2C22D69311005A3EA4 /* funds.json in Resources */,
				2AFA0F2E22D69591005A3EA4 /* graveyard.txt in Resources */,
				2AA2408A22C6BE3F000B261F /* eula.html in Resources */,
				2A21618122473A2700D0ACDA /* InvestorTableViewCell.xib in Resources */,
				2ABA837F22456E53003A4339 /* Assets.xcassets in Resources */,
				2ABA837A22456E52003A4339 /* Main.storyboard in Resources */,
				2AFA0F3222D8130F005A3EA4 /* FundTableViewCell.xib in Resources */,
				2AA2408C22C6BEDD000B261F /* privacy-policy.html in Resources */,
			);
			runOnlyForDeploymentPostprocessing = 0;
		};
		2ABA838622456E53003A4339 /* Resources */ = {
			isa = PBXResourcesBuildPhase;
			buildActionMask = 2147483647;
			files = (
				2ABA83A7224571F6003A4339 /* GoogleService-Info.plist in Resources */,
			);
			runOnlyForDeploymentPostprocessing = 0;
		};
		2ABA839122456E53003A4339 /* Resources */ = {
			isa = PBXResourcesBuildPhase;
			buildActionMask = 2147483647;
			files = (
				2ABA83A8224571F6003A4339 /* GoogleService-Info.plist in Resources */,
			);
			runOnlyForDeploymentPostprocessing = 0;
		};
/* End PBXResourcesBuildPhase section */

/* Begin PBXShellScriptBuildPhase section */
		2FCEE1585358D4BC8F0A8C34 /* [CP] Check Pods Manifest.lock */ = {
			isa = PBXShellScriptBuildPhase;
			buildActionMask = 2147483647;
			files = (
			);
			inputPaths = (
				"${PODS_PODFILE_DIR_PATH}/Podfile.lock",
				"${PODS_ROOT}/Manifest.lock",
			);
			name = "[CP] Check Pods Manifest.lock";
			outputPaths = (
				"$(DERIVED_FILE_DIR)/Pods-LinkXTests-checkManifestLockResult.txt",
			);
			runOnlyForDeploymentPostprocessing = 0;
			shellPath = /bin/sh;
			shellScript = "diff \"${PODS_PODFILE_DIR_PATH}/Podfile.lock\" \"${PODS_ROOT}/Manifest.lock\" > /dev/null\nif [ $? != 0 ] ; then\n    # print error to STDERR\n    echo \"error: The sandbox is not in sync with the Podfile.lock. Run 'pod install' or update your CocoaPods installation.\" >&2\n    exit 1\nfi\n# This output is used by Xcode 'outputs' to avoid re-running this script phase.\necho \"SUCCESS\" > \"${SCRIPT_OUTPUT_FILE_0}\"\n";
			showEnvVarsInLog = 0;
		};
		6525BB3397ABD6BF9AB18480 /* [CP] Copy Pods Resources */ = {
			isa = PBXShellScriptBuildPhase;
			buildActionMask = 2147483647;
			files = (
			);
			inputPaths = (
				"${PODS_ROOT}/Target Support Files/Pods-LinkX/Pods-LinkX-resources.sh",
				"${PODS_CONFIGURATION_BUILD_DIR}/FirebaseUI/FirebaseAnonymousAuthUI.bundle",
				"${PODS_CONFIGURATION_BUILD_DIR}/FirebaseUI/FirebaseAuthUI.bundle",
				"${PODS_CONFIGURATION_BUILD_DIR}/FirebaseUI/FirebaseEmailAuthUI.bundle",
				"${PODS_CONFIGURATION_BUILD_DIR}/FirebaseUI/FirebaseFacebookAuthUI.bundle",
				"${PODS_CONFIGURATION_BUILD_DIR}/FirebaseUI/FirebaseGoogleAuthUI.bundle",
				"${PODS_CONFIGURATION_BUILD_DIR}/FirebaseUI/FirebasePhoneAuthUI.bundle",
				"${PODS_CONFIGURATION_BUILD_DIR}/FirebaseUI/FirebaseTwitterAuthUI.bundle",
				"${PODS_ROOT}/GoogleSignIn/Resources/GoogleSignIn.bundle",
				"${PODS_ROOT}/TwitterKit/iOS/TwitterKit.framework/TwitterKitResources.bundle",
			);
			name = "[CP] Copy Pods Resources";
			outputPaths = (
				"${TARGET_BUILD_DIR}/${UNLOCALIZED_RESOURCES_FOLDER_PATH}/FirebaseAnonymousAuthUI.bundle",
				"${TARGET_BUILD_DIR}/${UNLOCALIZED_RESOURCES_FOLDER_PATH}/FirebaseAuthUI.bundle",
				"${TARGET_BUILD_DIR}/${UNLOCALIZED_RESOURCES_FOLDER_PATH}/FirebaseEmailAuthUI.bundle",
				"${TARGET_BUILD_DIR}/${UNLOCALIZED_RESOURCES_FOLDER_PATH}/FirebaseFacebookAuthUI.bundle",
				"${TARGET_BUILD_DIR}/${UNLOCALIZED_RESOURCES_FOLDER_PATH}/FirebaseGoogleAuthUI.bundle",
				"${TARGET_BUILD_DIR}/${UNLOCALIZED_RESOURCES_FOLDER_PATH}/FirebasePhoneAuthUI.bundle",
				"${TARGET_BUILD_DIR}/${UNLOCALIZED_RESOURCES_FOLDER_PATH}/FirebaseTwitterAuthUI.bundle",
				"${TARGET_BUILD_DIR}/${UNLOCALIZED_RESOURCES_FOLDER_PATH}/GoogleSignIn.bundle",
				"${TARGET_BUILD_DIR}/${UNLOCALIZED_RESOURCES_FOLDER_PATH}/TwitterKitResources.bundle",
			);
			runOnlyForDeploymentPostprocessing = 0;
			shellPath = /bin/sh;
			shellScript = "\"${PODS_ROOT}/Target Support Files/Pods-LinkX/Pods-LinkX-resources.sh\"\n";
			showEnvVarsInLog = 0;
		};
		7FA86958E569A375E67A899A /* [CP] Check Pods Manifest.lock */ = {
			isa = PBXShellScriptBuildPhase;
			buildActionMask = 2147483647;
			files = (
			);
			inputPaths = (
				"${PODS_PODFILE_DIR_PATH}/Podfile.lock",
				"${PODS_ROOT}/Manifest.lock",
			);
			name = "[CP] Check Pods Manifest.lock";
			outputPaths = (
				"$(DERIVED_FILE_DIR)/Pods-LinkX-checkManifestLockResult.txt",
			);
			runOnlyForDeploymentPostprocessing = 0;
			shellPath = /bin/sh;
			shellScript = "diff \"${PODS_PODFILE_DIR_PATH}/Podfile.lock\" \"${PODS_ROOT}/Manifest.lock\" > /dev/null\nif [ $? != 0 ] ; then\n    # print error to STDERR\n    echo \"error: The sandbox is not in sync with the Podfile.lock. Run 'pod install' or update your CocoaPods installation.\" >&2\n    exit 1\nfi\n# This output is used by Xcode 'outputs' to avoid re-running this script phase.\necho \"SUCCESS\" > \"${SCRIPT_OUTPUT_FILE_0}\"\n";
			showEnvVarsInLog = 0;
		};
		AE1233D5F68E6D1729EAFF1B /* [CP] Embed Pods Frameworks */ = {
			isa = PBXShellScriptBuildPhase;
			buildActionMask = 2147483647;
			files = (
			);
			inputPaths = (
				"${PODS_ROOT}/Target Support Files/Pods-LinkX/Pods-LinkX-frameworks.sh",
				"${BUILT_PRODUCTS_DIR}/Bolts/Bolts.framework",
				"${BUILT_PRODUCTS_DIR}/BoringSSL-GRPC/openssl_grpc.framework",
				"${BUILT_PRODUCTS_DIR}/BulletinBoard/BLTNBoard.framework",
				"${BUILT_PRODUCTS_DIR}/ConfettiView/ConfettiView.framework",
				"${BUILT_PRODUCTS_DIR}/Cosmos/Cosmos.framework",
				"${BUILT_PRODUCTS_DIR}/EFQRCode/EFQRCode.framework",
				"${BUILT_PRODUCTS_DIR}/FBSDKCoreKit/FBSDKCoreKit.framework",
				"${BUILT_PRODUCTS_DIR}/FBSDKLoginKit/FBSDKLoginKit.framework",
				"${BUILT_PRODUCTS_DIR}/GTMSessionFetcher/GTMSessionFetcher.framework",
				"${BUILT_PRODUCTS_DIR}/GoogleToolboxForMac/GoogleToolboxForMac.framework",
				"${BUILT_PRODUCTS_DIR}/GoogleUtilities/GoogleUtilities.framework",
				"${BUILT_PRODUCTS_DIR}/PKHUD/PKHUD.framework",
				"${BUILT_PRODUCTS_DIR}/Protobuf/Protobuf.framework",
				"${BUILT_PRODUCTS_DIR}/SDWebImage/SDWebImage.framework",
				"${BUILT_PRODUCTS_DIR}/Siren/Siren.framework",
				"${BUILT_PRODUCTS_DIR}/SwiftLinkPreview/SwiftLinkPreview.framework",
				"${PODS_ROOT}/TwitterCore/iOS/TwitterCore.framework",
				"${PODS_ROOT}/TwitterKit/iOS/TwitterKit.framework",
				"${BUILT_PRODUCTS_DIR}/gRPC-C++/grpcpp.framework",
				"${BUILT_PRODUCTS_DIR}/gRPC-Core/grpc.framework",
				"${BUILT_PRODUCTS_DIR}/leveldb-library/leveldb.framework",
				"${BUILT_PRODUCTS_DIR}/nanopb/nanopb.framework",
				"${BUILT_PRODUCTS_DIR}/swift_qrcodejs/swift_qrcodejs.framework",
			);
			name = "[CP] Embed Pods Frameworks";
			outputPaths = (
				"${TARGET_BUILD_DIR}/${FRAMEWORKS_FOLDER_PATH}/Bolts.framework",
				"${TARGET_BUILD_DIR}/${FRAMEWORKS_FOLDER_PATH}/openssl_grpc.framework",
				"${TARGET_BUILD_DIR}/${FRAMEWORKS_FOLDER_PATH}/BLTNBoard.framework",
				"${TARGET_BUILD_DIR}/${FRAMEWORKS_FOLDER_PATH}/ConfettiView.framework",
				"${TARGET_BUILD_DIR}/${FRAMEWORKS_FOLDER_PATH}/Cosmos.framework",
				"${TARGET_BUILD_DIR}/${FRAMEWORKS_FOLDER_PATH}/EFQRCode.framework",
				"${TARGET_BUILD_DIR}/${FRAMEWORKS_FOLDER_PATH}/FBSDKCoreKit.framework",
				"${TARGET_BUILD_DIR}/${FRAMEWORKS_FOLDER_PATH}/FBSDKLoginKit.framework",
				"${TARGET_BUILD_DIR}/${FRAMEWORKS_FOLDER_PATH}/GTMSessionFetcher.framework",
				"${TARGET_BUILD_DIR}/${FRAMEWORKS_FOLDER_PATH}/GoogleToolboxForMac.framework",
				"${TARGET_BUILD_DIR}/${FRAMEWORKS_FOLDER_PATH}/GoogleUtilities.framework",
				"${TARGET_BUILD_DIR}/${FRAMEWORKS_FOLDER_PATH}/PKHUD.framework",
				"${TARGET_BUILD_DIR}/${FRAMEWORKS_FOLDER_PATH}/Protobuf.framework",
				"${TARGET_BUILD_DIR}/${FRAMEWORKS_FOLDER_PATH}/SDWebImage.framework",
				"${TARGET_BUILD_DIR}/${FRAMEWORKS_FOLDER_PATH}/Siren.framework",
				"${TARGET_BUILD_DIR}/${FRAMEWORKS_FOLDER_PATH}/SwiftLinkPreview.framework",
				"${TARGET_BUILD_DIR}/${FRAMEWORKS_FOLDER_PATH}/TwitterCore.framework",
				"${TARGET_BUILD_DIR}/${FRAMEWORKS_FOLDER_PATH}/TwitterKit.framework",
				"${TARGET_BUILD_DIR}/${FRAMEWORKS_FOLDER_PATH}/grpcpp.framework",
				"${TARGET_BUILD_DIR}/${FRAMEWORKS_FOLDER_PATH}/grpc.framework",
				"${TARGET_BUILD_DIR}/${FRAMEWORKS_FOLDER_PATH}/leveldb.framework",
				"${TARGET_BUILD_DIR}/${FRAMEWORKS_FOLDER_PATH}/nanopb.framework",
				"${TARGET_BUILD_DIR}/${FRAMEWORKS_FOLDER_PATH}/swift_qrcodejs.framework",
			);
			runOnlyForDeploymentPostprocessing = 0;
			shellPath = /bin/sh;
			shellScript = "\"${PODS_ROOT}/Target Support Files/Pods-LinkX/Pods-LinkX-frameworks.sh\"\n";
			showEnvVarsInLog = 0;
		};
		C407ADB225EF19E5F5FE9CCA /* [CP] Check Pods Manifest.lock */ = {
			isa = PBXShellScriptBuildPhase;
			buildActionMask = 2147483647;
			files = (
			);
			inputPaths = (
				"${PODS_PODFILE_DIR_PATH}/Podfile.lock",
				"${PODS_ROOT}/Manifest.lock",
			);
			name = "[CP] Check Pods Manifest.lock";
			outputPaths = (
				"$(DERIVED_FILE_DIR)/Pods-LinkXUITests-checkManifestLockResult.txt",
			);
			runOnlyForDeploymentPostprocessing = 0;
			shellPath = /bin/sh;
			shellScript = "diff \"${PODS_PODFILE_DIR_PATH}/Podfile.lock\" \"${PODS_ROOT}/Manifest.lock\" > /dev/null\nif [ $? != 0 ] ; then\n    # print error to STDERR\n    echo \"error: The sandbox is not in sync with the Podfile.lock. Run 'pod install' or update your CocoaPods installation.\" >&2\n    exit 1\nfi\n# This output is used by Xcode 'outputs' to avoid re-running this script phase.\necho \"SUCCESS\" > \"${SCRIPT_OUTPUT_FILE_0}\"\n";
			showEnvVarsInLog = 0;
		};
/* End PBXShellScriptBuildPhase section */

/* Begin PBXSourcesBuildPhase section */
		2ABA836D22456E51003A4339 /* Sources */ = {
			isa = PBXSourcesBuildPhase;
			buildActionMask = 2147483647;
			files = (
				2AE8B9F622E2D7090044CD80 /* PostsViewController.swift in Sources */,
				2ABEAB53228A2D9F00587B7E /* User.swift in Sources */,
				2AA2408E22C6C8CF000B261F /* InviteViewController.swift in Sources */,
				2ABA837722456E52003A4339 /* ViewController.swift in Sources */,
				2A5C9FB6224748EC0072CC2F /* IAPHandler.swift in Sources */,
				2AE8B9F422E2D6650044CD80 /* AddPostViewController.swift in Sources */,
				2A49BE6F22C431FD00C118EA /* ContributionTableViewCell.swift in Sources */,
				2AD66CFB22CC5A3A0004AAD0 /* Transaction.swift in Sources */,
				2A21618022473A2700D0ACDA /* InvestorTableViewCell.swift in Sources */,
				2A763AB722E55E9800769044 /* Date+Ext.swift in Sources */,
				2A49BE5C22BC2D3800C118EA /* Point.swift in Sources */,
				2ABD3A63229B8CF400DCA1BE /* ProfileViewController.swift in Sources */,
				2A7B9AED22BAEB6100B6CEEC /* Review.swift in Sources */,
				2A763AB222E55DDF00769044 /* UIView+Ext.swift in Sources */,
				2A49BE6222BCBF3F00C118EA /* UploadViewController.swift in Sources */,
				2A7B9AEF22BAEC1800B6CEEC /* Fund.swift in Sources */,
				2AE8B9F122E2AF910044CD80 /* PostTableViewCell.swift in Sources */,
				2A7B9B0022BAFED000B6CEEC /* Segues.swift in Sources */,
				2A7B9AF122BAECE900B6CEEC /* Sector.swift in Sources */,
				2AFB67762262B7F800AE860C /* LXBookmarkTableController.swift in Sources */,
				2A49BE6C22C2C44900C118EA /* Contribution.swift in Sources */,
				2AB763B922ADBF09000B9CF5 /* FirebaseUtilities.swift in Sources */,
				2AD66CF822CAFC5F0004AAD0 /* EarnPointsViewController.swift in Sources */,
				2ABA837D22456E52003A4339 /* LinkX.xcdatamodeld in Sources */,
				2AFA0F3122D8130F005A3EA4 /* FundTableViewCell.swift in Sources */,
				2ABD3A65229B8CFE00DCA1BE /* EditProfileViewController.swift in Sources */,
				2AFA0F3822D96415005A3EA4 /* LXFund+CoreDataProperties.swift in Sources */,
				2ABA837522456E52003A4339 /* AppDelegate.swift in Sources */,
				2A7B9AEB22BAEA4B00B6CEEC /* Rating.swift in Sources */,
				2ABEAB51228A2C5B00587B7E /* Comment.swift in Sources */,
				2AFB67672262B09C00AE860C /* LXInvestor+CoreDataClass.swift in Sources */,
				2AFA0F3722D96415005A3EA4 /* LXFund+CoreDataClass.swift in Sources */,
				2AFB676A2262B09C00AE860C /* LXInvestor+CoreDataProperties.swift in Sources */,
				2AB3947922CAE18800373F18 /* LXConstants.swift in Sources */,
				2A49BE6022BCBDFE00C118EA /* ContributeViewController.swift in Sources */,
				2AB3947A22CAE26200373F18 /* ActivityTableViewCell.swift in Sources */,
				2AB763B422ADA3CE000B9CF5 /* ImagePicker.swift in Sources */,
				2A49BE6522BCD25E00C118EA /* RateTableViewCell.swift in Sources */,
				2AFA0F2922D5307A005A3EA4 /* AppStore.swift in Sources */,
				2AE8B9EE22E2AC900044CD80 /* Post.swift in Sources */,
				2A21617B2247271400D0ACDA /* EmailViewController.swift in Sources */,
				2A7B9AF622BAFD3000B6CEEC /* SigninViewController.swift in Sources */,
				2AB763B622ADB766000B9CF5 /* CustomImageView.swift in Sources */,
				2A49BE6922BCD27600C118EA /* ReviewTableViewCell.swift in Sources */,
				2A3C690A22DC1D5F00E24319 /* Stage.swift in Sources */,
				2A49BE5E22BC2E5C00C118EA /* Activity.swift in Sources */,
				2A7B9AF322BAF66300B6CEEC /* SignupViewController.swift in Sources */,
				2AFA0F3422D81B3D005A3EA4 /* FundViewController.swift in Sources */,
				2A21617D22472F3800D0ACDA /* Investor.swift in Sources */,
				2AD66CF622CAE53F0004AAD0 /* ActivityTableViewController.swift in Sources */,
			);
			runOnlyForDeploymentPostprocessing = 0;
		};
		2ABA838422456E53003A4339 /* Sources */ = {
			isa = PBXSourcesBuildPhase;
			buildActionMask = 2147483647;
			files = (
				2AFB67772262B7F800AE860C /* LXBookmarkTableController.swift in Sources */,
				2ABA838D22456E53003A4339 /* LinkXTests.swift in Sources */,
				2AFB676B2262B09C00AE860C /* LXInvestor+CoreDataProperties.swift in Sources */,
				2AFB67682262B09C00AE860C /* LXInvestor+CoreDataClass.swift in Sources */,
			);
			runOnlyForDeploymentPostprocessing = 0;
		};
		2ABA838F22456E53003A4339 /* Sources */ = {
			isa = PBXSourcesBuildPhase;
			buildActionMask = 2147483647;
			files = (
				2AFB67782262B7F800AE860C /* LXBookmarkTableController.swift in Sources */,
				2ABA839822456E53003A4339 /* LinkXUITests.swift in Sources */,
				2AFB676C2262B09C00AE860C /* LXInvestor+CoreDataProperties.swift in Sources */,
				2AFB67692262B09C00AE860C /* LXInvestor+CoreDataClass.swift in Sources */,
			);
			runOnlyForDeploymentPostprocessing = 0;
		};
/* End PBXSourcesBuildPhase section */

/* Begin PBXTargetDependency section */
		2ABA838A22456E53003A4339 /* PBXTargetDependency */ = {
			isa = PBXTargetDependency;
			target = 2ABA837022456E51003A4339 /* LinkX */;
			targetProxy = 2ABA838922456E53003A4339 /* PBXContainerItemProxy */;
		};
		2ABA839522456E53003A4339 /* PBXTargetDependency */ = {
			isa = PBXTargetDependency;
			target = 2ABA837022456E51003A4339 /* LinkX */;
			targetProxy = 2ABA839422456E53003A4339 /* PBXContainerItemProxy */;
		};
/* End PBXTargetDependency section */

/* Begin PBXVariantGroup section */
		2ABA837822456E52003A4339 /* Main.storyboard */ = {
			isa = PBXVariantGroup;
			children = (
				2ABA837922456E52003A4339 /* Base */,
			);
			name = Main.storyboard;
			sourceTree = "<group>";
		};
		2ABA838022456E53003A4339 /* LaunchScreen.storyboard */ = {
			isa = PBXVariantGroup;
			children = (
				2ABA838122456E53003A4339 /* Base */,
			);
			name = LaunchScreen.storyboard;
			sourceTree = "<group>";
		};
/* End PBXVariantGroup section */

/* Begin XCBuildConfiguration section */
		2ABA839A22456E53003A4339 /* Debug */ = {
			isa = XCBuildConfiguration;
			buildSettings = {
				ALWAYS_SEARCH_USER_PATHS = NO;
				CLANG_ANALYZER_NONNULL = YES;
				CLANG_ANALYZER_NUMBER_OBJECT_CONVERSION = YES_AGGRESSIVE;
				CLANG_CXX_LANGUAGE_STANDARD = "gnu++14";
				CLANG_CXX_LIBRARY = "libc++";
				CLANG_ENABLE_MODULES = YES;
				CLANG_ENABLE_OBJC_ARC = YES;
				CLANG_ENABLE_OBJC_WEAK = YES;
				CLANG_WARN_BLOCK_CAPTURE_AUTORELEASING = YES;
				CLANG_WARN_BOOL_CONVERSION = YES;
				CLANG_WARN_COMMA = YES;
				CLANG_WARN_CONSTANT_CONVERSION = YES;
				CLANG_WARN_DEPRECATED_OBJC_IMPLEMENTATIONS = YES;
				CLANG_WARN_DIRECT_OBJC_ISA_USAGE = YES_ERROR;
				CLANG_WARN_DOCUMENTATION_COMMENTS = YES;
				CLANG_WARN_EMPTY_BODY = YES;
				CLANG_WARN_ENUM_CONVERSION = YES;
				CLANG_WARN_INFINITE_RECURSION = YES;
				CLANG_WARN_INT_CONVERSION = YES;
				CLANG_WARN_NON_LITERAL_NULL_CONVERSION = YES;
				CLANG_WARN_OBJC_IMPLICIT_RETAIN_SELF = YES;
				CLANG_WARN_OBJC_LITERAL_CONVERSION = YES;
				CLANG_WARN_OBJC_ROOT_CLASS = YES_ERROR;
				CLANG_WARN_RANGE_LOOP_ANALYSIS = YES;
				CLANG_WARN_STRICT_PROTOTYPES = YES;
				CLANG_WARN_SUSPICIOUS_MOVE = YES;
				CLANG_WARN_UNGUARDED_AVAILABILITY = YES_AGGRESSIVE;
				CLANG_WARN_UNREACHABLE_CODE = YES;
				CLANG_WARN__DUPLICATE_METHOD_MATCH = YES;
				CODE_SIGN_IDENTITY = "iPhone Developer";
				COPY_PHASE_STRIP = NO;
				DEBUG_INFORMATION_FORMAT = dwarf;
				ENABLE_STRICT_OBJC_MSGSEND = YES;
				ENABLE_TESTABILITY = YES;
				GCC_C_LANGUAGE_STANDARD = gnu11;
				GCC_DYNAMIC_NO_PIC = NO;
				GCC_NO_COMMON_BLOCKS = YES;
				GCC_OPTIMIZATION_LEVEL = 0;
				GCC_PREPROCESSOR_DEFINITIONS = (
					"DEBUG=1",
					"$(inherited)",
				);
				GCC_WARN_64_TO_32_BIT_CONVERSION = YES;
				GCC_WARN_ABOUT_RETURN_TYPE = YES_ERROR;
				GCC_WARN_UNDECLARED_SELECTOR = YES;
				GCC_WARN_UNINITIALIZED_AUTOS = YES_AGGRESSIVE;
				GCC_WARN_UNUSED_FUNCTION = YES;
				GCC_WARN_UNUSED_VARIABLE = YES;
				IPHONEOS_DEPLOYMENT_TARGET = 12.1;
				MTL_ENABLE_DEBUG_INFO = INCLUDE_SOURCE;
				MTL_FAST_MATH = YES;
				ONLY_ACTIVE_ARCH = YES;
				SDKROOT = iphoneos;
				SWIFT_ACTIVE_COMPILATION_CONDITIONS = DEBUG;
				SWIFT_OPTIMIZATION_LEVEL = "-Onone";
			};
			name = Debug;
		};
		2ABA839B22456E53003A4339 /* Release */ = {
			isa = XCBuildConfiguration;
			buildSettings = {
				ALWAYS_SEARCH_USER_PATHS = NO;
				CLANG_ANALYZER_NONNULL = YES;
				CLANG_ANALYZER_NUMBER_OBJECT_CONVERSION = YES_AGGRESSIVE;
				CLANG_CXX_LANGUAGE_STANDARD = "gnu++14";
				CLANG_CXX_LIBRARY = "libc++";
				CLANG_ENABLE_MODULES = YES;
				CLANG_ENABLE_OBJC_ARC = YES;
				CLANG_ENABLE_OBJC_WEAK = YES;
				CLANG_WARN_BLOCK_CAPTURE_AUTORELEASING = YES;
				CLANG_WARN_BOOL_CONVERSION = YES;
				CLANG_WARN_COMMA = YES;
				CLANG_WARN_CONSTANT_CONVERSION = YES;
				CLANG_WARN_DEPRECATED_OBJC_IMPLEMENTATIONS = YES;
				CLANG_WARN_DIRECT_OBJC_ISA_USAGE = YES_ERROR;
				CLANG_WARN_DOCUMENTATION_COMMENTS = YES;
				CLANG_WARN_EMPTY_BODY = YES;
				CLANG_WARN_ENUM_CONVERSION = YES;
				CLANG_WARN_INFINITE_RECURSION = YES;
				CLANG_WARN_INT_CONVERSION = YES;
				CLANG_WARN_NON_LITERAL_NULL_CONVERSION = YES;
				CLANG_WARN_OBJC_IMPLICIT_RETAIN_SELF = YES;
				CLANG_WARN_OBJC_LITERAL_CONVERSION = YES;
				CLANG_WARN_OBJC_ROOT_CLASS = YES_ERROR;
				CLANG_WARN_RANGE_LOOP_ANALYSIS = YES;
				CLANG_WARN_STRICT_PROTOTYPES = YES;
				CLANG_WARN_SUSPICIOUS_MOVE = YES;
				CLANG_WARN_UNGUARDED_AVAILABILITY = YES_AGGRESSIVE;
				CLANG_WARN_UNREACHABLE_CODE = YES;
				CLANG_WARN__DUPLICATE_METHOD_MATCH = YES;
				CODE_SIGN_IDENTITY = "iPhone Developer";
				COPY_PHASE_STRIP = NO;
				DEBUG_INFORMATION_FORMAT = "dwarf-with-dsym";
				ENABLE_NS_ASSERTIONS = NO;
				ENABLE_STRICT_OBJC_MSGSEND = YES;
				GCC_C_LANGUAGE_STANDARD = gnu11;
				GCC_NO_COMMON_BLOCKS = YES;
				GCC_WARN_64_TO_32_BIT_CONVERSION = YES;
				GCC_WARN_ABOUT_RETURN_TYPE = YES_ERROR;
				GCC_WARN_UNDECLARED_SELECTOR = YES;
				GCC_WARN_UNINITIALIZED_AUTOS = YES_AGGRESSIVE;
				GCC_WARN_UNUSED_FUNCTION = YES;
				GCC_WARN_UNUSED_VARIABLE = YES;
				IPHONEOS_DEPLOYMENT_TARGET = 12.1;
				MTL_ENABLE_DEBUG_INFO = NO;
				MTL_FAST_MATH = YES;
				SDKROOT = iphoneos;
				SWIFT_COMPILATION_MODE = wholemodule;
				SWIFT_OPTIMIZATION_LEVEL = "-O";
				VALIDATE_PRODUCT = YES;
			};
			name = Release;
		};
		2ABA839D22456E53003A4339 /* Debug */ = {
			isa = XCBuildConfiguration;
			baseConfigurationReference = 8B33ED57DBB246643862B119 /* Pods-LinkX.debug.xcconfig */;
			buildSettings = {
				ASSETCATALOG_COMPILER_APPICON_NAME = AppIcon;
				CODE_SIGN_ENTITLEMENTS = LinkX/LinkX.entitlements;
				CODE_SIGN_IDENTITY = "iPhone Developer";
				CODE_SIGN_STYLE = Automatic;
				DEVELOPMENT_TEAM = 6WXTWE73YX;
				INFOPLIST_FILE = "$(SRCROOT)/LinkX/Defaults/Info.plist";
				LD_RUNPATH_SEARCH_PATHS = (
					"$(inherited)",
					"@executable_path/Frameworks",
				);
				PRODUCT_BUNDLE_IDENTIFIER = com.ios.codesigned.LinkX;
				PRODUCT_NAME = "$(TARGET_NAME)";
				PROVISIONING_PROFILE_SPECIFIER = "";
				SWIFT_VERSION = 4.2;
				TARGETED_DEVICE_FAMILY = 1;
			};
			name = Debug;
		};
		2ABA839E22456E53003A4339 /* Release */ = {
			isa = XCBuildConfiguration;
			baseConfigurationReference = EBA5C2B6828375356A497CC9 /* Pods-LinkX.release.xcconfig */;
			buildSettings = {
				ASSETCATALOG_COMPILER_APPICON_NAME = AppIcon;
				CODE_SIGN_ENTITLEMENTS = LinkX/LinkX.entitlements;
				CODE_SIGN_IDENTITY = "iPhone Developer";
				CODE_SIGN_STYLE = Automatic;
				DEVELOPMENT_TEAM = 6WXTWE73YX;
				INFOPLIST_FILE = "$(SRCROOT)/LinkX/Defaults/Info.plist";
				LD_RUNPATH_SEARCH_PATHS = (
					"$(inherited)",
					"@executable_path/Frameworks",
				);
				PRODUCT_BUNDLE_IDENTIFIER = com.ios.codesigned.LinkX;
				PRODUCT_NAME = "$(TARGET_NAME)";
				PROVISIONING_PROFILE_SPECIFIER = "";
				SWIFT_VERSION = 4.2;
				TARGETED_DEVICE_FAMILY = 1;
			};
			name = Release;
		};
		2ABA83A022456E53003A4339 /* Debug */ = {
			isa = XCBuildConfiguration;
			baseConfigurationReference = E223209C85866094827F2FBC /* Pods-LinkXTests.debug.xcconfig */;
			buildSettings = {
				ALWAYS_EMBED_SWIFT_STANDARD_LIBRARIES = YES;
				BUNDLE_LOADER = "$(TEST_HOST)";
				CODE_SIGN_STYLE = Automatic;
				DEVELOPMENT_TEAM = 6WXTWE73YX;
				INFOPLIST_FILE = LinkXTests/Info.plist;
				LD_RUNPATH_SEARCH_PATHS = (
					"$(inherited)",
					"@executable_path/Frameworks",
					"@loader_path/Frameworks",
				);
				PRODUCT_BUNDLE_IDENTIFIER = com.ios.codesigned.LinkXTests;
				PRODUCT_NAME = "$(TARGET_NAME)";
				SWIFT_VERSION = 4.2;
				TARGETED_DEVICE_FAMILY = "1,2";
				TEST_HOST = "$(BUILT_PRODUCTS_DIR)/LinkX.app/LinkX";
			};
			name = Debug;
		};
		2ABA83A122456E53003A4339 /* Release */ = {
			isa = XCBuildConfiguration;
			baseConfigurationReference = D7BF8AC9D991B12E11B364C1 /* Pods-LinkXTests.release.xcconfig */;
			buildSettings = {
				ALWAYS_EMBED_SWIFT_STANDARD_LIBRARIES = YES;
				BUNDLE_LOADER = "$(TEST_HOST)";
				CODE_SIGN_STYLE = Automatic;
				DEVELOPMENT_TEAM = 6WXTWE73YX;
				INFOPLIST_FILE = LinkXTests/Info.plist;
				LD_RUNPATH_SEARCH_PATHS = (
					"$(inherited)",
					"@executable_path/Frameworks",
					"@loader_path/Frameworks",
				);
				PRODUCT_BUNDLE_IDENTIFIER = com.ios.codesigned.LinkXTests;
				PRODUCT_NAME = "$(TARGET_NAME)";
				SWIFT_VERSION = 4.2;
				TARGETED_DEVICE_FAMILY = "1,2";
				TEST_HOST = "$(BUILT_PRODUCTS_DIR)/LinkX.app/LinkX";
			};
			name = Release;
		};
		2ABA83A322456E53003A4339 /* Debug */ = {
			isa = XCBuildConfiguration;
			baseConfigurationReference = 56C0924E2538B8FB0CE431F7 /* Pods-LinkXUITests.debug.xcconfig */;
			buildSettings = {
				ALWAYS_EMBED_SWIFT_STANDARD_LIBRARIES = YES;
				CODE_SIGN_STYLE = Automatic;
				DEVELOPMENT_TEAM = 6WXTWE73YX;
				INFOPLIST_FILE = LinkXUITests/Info.plist;
				LD_RUNPATH_SEARCH_PATHS = (
					"$(inherited)",
					"@executable_path/Frameworks",
					"@loader_path/Frameworks",
				);
				PRODUCT_BUNDLE_IDENTIFIER = com.ios.codesigned.LinkXUITests;
				PRODUCT_NAME = "$(TARGET_NAME)";
				SWIFT_VERSION = 4.2;
				TARGETED_DEVICE_FAMILY = "1,2";
				TEST_TARGET_NAME = LinkX;
			};
			name = Debug;
		};
		2ABA83A422456E53003A4339 /* Release */ = {
			isa = XCBuildConfiguration;
			baseConfigurationReference = 9F858FDC7E6F447B119D9CCE /* Pods-LinkXUITests.release.xcconfig */;
			buildSettings = {
				ALWAYS_EMBED_SWIFT_STANDARD_LIBRARIES = YES;
				CODE_SIGN_STYLE = Automatic;
				DEVELOPMENT_TEAM = 6WXTWE73YX;
				INFOPLIST_FILE = LinkXUITests/Info.plist;
				LD_RUNPATH_SEARCH_PATHS = (
					"$(inherited)",
					"@executable_path/Frameworks",
					"@loader_path/Frameworks",
				);
				PRODUCT_BUNDLE_IDENTIFIER = com.ios.codesigned.LinkXUITests;
				PRODUCT_NAME = "$(TARGET_NAME)";
				SWIFT_VERSION = 4.2;
				TARGETED_DEVICE_FAMILY = "1,2";
				TEST_TARGET_NAME = LinkX;
			};
			name = Release;
		};
/* End XCBuildConfiguration section */

/* Begin XCConfigurationList section */
		2ABA836C22456E51003A4339 /* Build configuration list for PBXProject "LinkX" */ = {
			isa = XCConfigurationList;
			buildConfigurations = (
				2ABA839A22456E53003A4339 /* Debug */,
				2ABA839B22456E53003A4339 /* Release */,
			);
			defaultConfigurationIsVisible = 0;
			defaultConfigurationName = Release;
		};
		2ABA839C22456E53003A4339 /* Build configuration list for PBXNativeTarget "LinkX" */ = {
			isa = XCConfigurationList;
			buildConfigurations = (
				2ABA839D22456E53003A4339 /* Debug */,
				2ABA839E22456E53003A4339 /* Release */,
			);
			defaultConfigurationIsVisible = 0;
			defaultConfigurationName = Release;
		};
		2ABA839F22456E53003A4339 /* Build configuration list for PBXNativeTarget "LinkXTests" */ = {
			isa = XCConfigurationList;
			buildConfigurations = (
				2ABA83A022456E53003A4339 /* Debug */,
				2ABA83A122456E53003A4339 /* Release */,
			);
			defaultConfigurationIsVisible = 0;
			defaultConfigurationName = Release;
		};
		2ABA83A222456E53003A4339 /* Build configuration list for PBXNativeTarget "LinkXUITests" */ = {
			isa = XCConfigurationList;
			buildConfigurations = (
				2ABA83A322456E53003A4339 /* Debug */,
				2ABA83A422456E53003A4339 /* Release */,
			);
			defaultConfigurationIsVisible = 0;
			defaultConfigurationName = Release;
		};
/* End XCConfigurationList section */

/* Begin XCVersionGroup section */
		2ABA837B22456E52003A4339 /* LinkX.xcdatamodeld */ = {
			isa = XCVersionGroup;
			children = (
				2ABA837C22456E52003A4339 /* LinkX.xcdatamodel */,
			);
			currentVersion = 2ABA837C22456E52003A4339 /* LinkX.xcdatamodel */;
			path = LinkX.xcdatamodeld;
			sourceTree = "<group>";
			versionGroupType = wrapper.xcdatamodel;
		};
/* End XCVersionGroup section */
	};
	rootObject = 2ABA836922456E51003A4339 /* Project object */;
}
